
Microsoft Visual Studio Solution File, Format Version 12.00
# Visual Studio Version 17
VisualStudioVersion = 17.5.33627.172
MinimumVisualStudioVersion = 10.0.40219.1
Project("{FAE04EC0-301F-11D3-BF4B-00C04F79EFBC}") = "lab_5", "lab_5.csproj", "{E11CA942-891B-4281-B9B2-7BF1070FF9BF}"
EndProject
Global
	GlobalSection(SolutionConfigurationPlatforms) = preSolution
		Debug|Any CPU = Debug|Any CPU
		Release|Any CPU = Release|Any CPU
	EndGlobalSection
	GlobalSection(ProjectConfigurationPlatforms) = postSolution
		{E11CA942-891B-4281-B9B2-7BF1070FF9BF}.Debug|Any CPU.ActiveCfg = Debug|Any CPU
		{E11CA942-891B-4281-B9B2-7BF1070FF9BF}.Debug|Any CPU.Build.0 = Debug|Any CPU
		{E11CA942-891B-4281-B9B2-7BF1070FF9BF}.Release|Any CPU.ActiveCfg = Release|Any CPU
		{E11CA942-891B-4281-B9B2-7BF1070FF9BF}.Release|Any CPU.Build.0 = Release|Any CPU
	EndGlobalSection
	GlobalSection(SolutionProperties) = preSolution
		HideSolutionNode = FALSE
	EndGlobalSection
	GlobalSection(ExtensibilityGlobals) = postSolution
		SolutionGuid = {28CEEEE3-A8A5-4006-9936-A80878EF17F6}
	EndGlobalSection
EndGlobal
